// !$*UTF8*$!
{
	archiveVersion = 1;
	classes = {
	};
	objectVersion = 46;
	objects = {

/* Begin PBXBuildFile section */
		E644D99A1C0DCF0C008094E0 /* AppDelegate.swift in Sources */ = {isa = PBXBuildFile; fileRef = E644D9991C0DCF0C008094E0 /* AppDelegate.swift */; };
		E644D99C1C0DCF0C008094E0 /* MSIntroViewController.swift in Sources */ = {isa = PBXBuildFile; fileRef = E644D99B1C0DCF0C008094E0 /* MSIntroViewController.swift */; };
		E644D99F1C0DCF0C008094E0 /* Main.storyboard in Resources */ = {isa = PBXBuildFile; fileRef = E644D99D1C0DCF0C008094E0 /* Main.storyboard */; };
		E644D9A11C0DCF0C008094E0 /* Assets.xcassets in Resources */ = {isa = PBXBuildFile; fileRef = E644D9A01C0DCF0C008094E0 /* Assets.xcassets */; };
		E644D9A41C0DCF0C008094E0 /* LaunchScreen.storyboard in Resources */ = {isa = PBXBuildFile; fileRef = E644D9A21C0DCF0C008094E0 /* LaunchScreen.storyboard */; };
		E644D9AF1C0DCF0C008094E0 /* MineSweeperTests.swift in Sources */ = {isa = PBXBuildFile; fileRef = E644D9AE1C0DCF0C008094E0 /* MineSweeperTests.swift */; };
		E644D9BA1C0DCF0C008094E0 /* MineSweeperUITests.swift in Sources */ = {isa = PBXBuildFile; fileRef = E644D9B91C0DCF0C008094E0 /* MineSweeperUITests.swift */; };
		E644D9C81C0DD0BE008094E0 /* MSGameViewController.swift in Sources */ = {isa = PBXBuildFile; fileRef = E644D9C71C0DD0BE008094E0 /* MSGameViewController.swift */; };
		E644D9CA1C0DD174008094E0 /* MSSettingsViewController.swift in Sources */ = {isa = PBXBuildFile; fileRef = E644D9C91C0DD174008094E0 /* MSSettingsViewController.swift */; };
		E644D9CC1C0DD71A008094E0 /* MSSettingModel.swift in Sources */ = {isa = PBXBuildFile; fileRef = E644D9CB1C0DD71A008094E0 /* MSSettingModel.swift */; };
		E644D9CE1C0DD727008094E0 /* MSGame.swift in Sources */ = {isa = PBXBuildFile; fileRef = E644D9CD1C0DD727008094E0 /* MSGame.swift */; };
		E644D9D01C0DD743008094E0 /* MSGrid.swift in Sources */ = {isa = PBXBuildFile; fileRef = E644D9CF1C0DD743008094E0 /* MSGrid.swift */; };
		E644D9D21C0DD766008094E0 /* MSMineCell.swift in Sources */ = {isa = PBXBuildFile; fileRef = E644D9D11C0DD766008094E0 /* MSMineCell.swift */; };
		E644D9D41C0DD78D008094E0 /* MSGridCell.swift in Sources */ = {isa = PBXBuildFile; fileRef = E644D9D31C0DD78D008094E0 /* MSGridCell.swift */; };
		E644DA131C0E2AAA008094E0 /* MSSoundSystem.swift in Sources */ = {isa = PBXBuildFile; fileRef = E644DA121C0E2AAA008094E0 /* MSSoundSystem.swift */; };
		E644DA151C0E2DFF008094E0 /* backgroundMusic.mp3 in Resources */ = {isa = PBXBuildFile; fileRef = E644DA141C0E2DFF008094E0 /* backgroundMusic.mp3 */; };
/* End PBXBuildFile section */

/* Begin PBXContainerItemProxy section */
		E644D9AB1C0DCF0C008094E0 /* PBXContainerItemProxy */ = {
			isa = PBXContainerItemProxy;
			containerPortal = E644D98E1C0DCF0C008094E0 /* Project object */;
			proxyType = 1;
			remoteGlobalIDString = E644D9951C0DCF0C008094E0;
			remoteInfo = MineSweeper;
		};
		E644D9B61C0DCF0C008094E0 /* PBXContainerItemProxy */ = {
			isa = PBXContainerItemProxy;
			containerPortal = E644D98E1C0DCF0C008094E0 /* Project object */;
			proxyType = 1;
			remoteGlobalIDString = E644D9951C0DCF0C008094E0;
			remoteInfo = MineSweeper;
		};
/* End PBXContainerItemProxy section */

/* Begin PBXFileReference section */
		E644D9961C0DCF0C008094E0 /* MineSweeper.app */ = {isa = PBXFileReference; explicitFileType = wrapper.application; includeInIndex = 0; path = MineSweeper.app; sourceTree = BUILT_PRODUCTS_DIR; };
		E644D9991C0DCF0C008094E0 /* AppDelegate.swift */ = {isa = PBXFileReference; lastKnownFileType = sourcecode.swift; path = AppDelegate.swift; sourceTree = "<group>"; };
		E644D99B1C0DCF0C008094E0 /* MSIntroViewController.swift */ = {isa = PBXFileReference; lastKnownFileType = sourcecode.swift; path = MSIntroViewController.swift; sourceTree = "<group>"; };
		E644D99E1C0DCF0C008094E0 /* Base */ = {isa = PBXFileReference; lastKnownFileType = file.storyboard; name = Base; path = Base.lproj/Main.storyboard; sourceTree = "<group>"; };
		E644D9A01C0DCF0C008094E0 /* Assets.xcassets */ = {isa = PBXFileReference; lastKnownFileType = folder.assetcatalog; path = Assets.xcassets; sourceTree = "<group>"; };
		E644D9A31C0DCF0C008094E0 /* Base */ = {isa = PBXFileReference; lastKnownFileType = file.storyboard; name = Base; path = Base.lproj/LaunchScreen.storyboard; sourceTree = "<group>"; };
		E644D9A51C0DCF0C008094E0 /* Info.plist */ = {isa = PBXFileReference; lastKnownFileType = text.plist.xml; path = Info.plist; sourceTree = "<group>"; };
		E644D9AA1C0DCF0C008094E0 /* MineSweeperTests.xctest */ = {isa = PBXFileReference; explicitFileType = wrapper.cfbundle; includeInIndex = 0; path = MineSweeperTests.xctest; sourceTree = BUILT_PRODUCTS_DIR; };
		E644D9AE1C0DCF0C008094E0 /* MineSweeperTests.swift */ = {isa = PBXFileReference; lastKnownFileType = sourcecode.swift; path = MineSweeperTests.swift; sourceTree = "<group>"; };
		E644D9B01C0DCF0C008094E0 /* Info.plist */ = {isa = PBXFileReference; lastKnownFileType = text.plist.xml; path = Info.plist; sourceTree = "<group>"; };
		E644D9B51C0DCF0C008094E0 /* MineSweeperUITests.xctest */ = {isa = PBXFileReference; explicitFileType = wrapper.cfbundle; includeInIndex = 0; path = MineSweeperUITests.xctest; sourceTree = BUILT_PRODUCTS_DIR; };
		E644D9B91C0DCF0C008094E0 /* MineSweeperUITests.swift */ = {isa = PBXFileReference; lastKnownFileType = sourcecode.swift; path = MineSweeperUITests.swift; sourceTree = "<group>"; };
		E644D9BB1C0DCF0C008094E0 /* Info.plist */ = {isa = PBXFileReference; lastKnownFileType = text.plist.xml; path = Info.plist; sourceTree = "<group>"; };
		E644D9C71C0DD0BE008094E0 /* MSGameViewController.swift */ = {isa = PBXFileReference; fileEncoding = 4; lastKnownFileType = sourcecode.swift; path = MSGameViewController.swift; sourceTree = "<group>"; };
		E644D9C91C0DD174008094E0 /* MSSettingsViewController.swift */ = {isa = PBXFileReference; fileEncoding = 4; lastKnownFileType = sourcecode.swift; path = MSSettingsViewController.swift; sourceTree = "<group>"; };
		E644D9CB1C0DD71A008094E0 /* MSSettingModel.swift */ = {isa = PBXFileReference; fileEncoding = 4; lastKnownFileType = sourcecode.swift; path = MSSettingModel.swift; sourceTree = "<group>"; };
		E644D9CD1C0DD727008094E0 /* MSGame.swift */ = {isa = PBXFileReference; fileEncoding = 4; lastKnownFileType = sourcecode.swift; path = MSGame.swift; sourceTree = "<group>"; };
		E644D9CF1C0DD743008094E0 /* MSGrid.swift */ = {isa = PBXFileReference; fileEncoding = 4; lastKnownFileType = sourcecode.swift; path = MSGrid.swift; sourceTree = "<group>"; };
		E644D9D11C0DD766008094E0 /* MSMineCell.swift */ = {isa = PBXFileReference; fileEncoding = 4; lastKnownFileType = sourcecode.swift; path = MSMineCell.swift; sourceTree = "<group>"; };
		E644D9D31C0DD78D008094E0 /* MSGridCell.swift */ = {isa = PBXFileReference; fileEncoding = 4; lastKnownFileType = sourcecode.swift; path = MSGridCell.swift; sourceTree = "<group>"; };
		E644DA121C0E2AAA008094E0 /* MSSoundSystem.swift */ = {isa = PBXFileReference; fileEncoding = 4; lastKnownFileType = sourcecode.swift; path = MSSoundSystem.swift; sourceTree = "<group>"; };
		E644DA141C0E2DFF008094E0 /* backgroundMusic.mp3 */ = {isa = PBXFileReference; lastKnownFileType = audio.mp3; path = backgroundMusic.mp3; sourceTree = "<group>"; };
/* End PBXFileReference section */

/* Begin PBXFrameworksBuildPhase section */
		E644D9931C0DCF0C008094E0 /* Frameworks */ = {
			isa = PBXFrameworksBuildPhase;
			buildActionMask = 2147483647;
			files = (
			);
			runOnlyForDeploymentPostprocessing = 0;
		};
		E644D9A71C0DCF0C008094E0 /* Frameworks */ = {
			isa = PBXFrameworksBuildPhase;
			buildActionMask = 2147483647;
			files = (
			);
			runOnlyForDeploymentPostprocessing = 0;
		};
		E644D9B21C0DCF0C008094E0 /* Frameworks */ = {
			isa = PBXFrameworksBuildPhase;
			buildActionMask = 2147483647;
			files = (
			);
			runOnlyForDeploymentPostprocessing = 0;
		};
/* End PBXFrameworksBuildPhase section */

/* Begin PBXGroup section */
		E644D98D1C0DCF0C008094E0 = {
			isa = PBXGroup;
			children = (
				E644D9981C0DCF0C008094E0 /* MineSweeper */,
				E644D9AD1C0DCF0C008094E0 /* MineSweeperTests */,
				E644D9B81C0DCF0C008094E0 /* MineSweeperUITests */,
				E644D9971C0DCF0C008094E0 /* Products */,
			);
			sourceTree = "<group>";
		};
		E644D9971C0DCF0C008094E0 /* Products */ = {
			isa = PBXGroup;
			children = (
				E644D9961C0DCF0C008094E0 /* MineSweeper.app */,
				E644D9AA1C0DCF0C008094E0 /* MineSweeperTests.xctest */,
				E644D9B51C0DCF0C008094E0 /* MineSweeperUITests.xctest */,
			);
			name = Products;
			sourceTree = "<group>";
		};
		E644D9981C0DCF0C008094E0 /* MineSweeper */ = {
			isa = PBXGroup;
			children = (
				E644D9991C0DCF0C008094E0 /* AppDelegate.swift */,
				E644DA111C0E2A8F008094E0 /* Systems */,
				E644D9D51C0DD82B008094E0 /* View Controllers */,
				E644D9D61C0DD839008094E0 /* Models */,
				E644D9D71C0DD842008094E0 /* Custom Views */,
				E644D99D1C0DCF0C008094E0 /* Main.storyboard */,
				E644D9A01C0DCF0C008094E0 /* Assets.xcassets */,
				E644DA141C0E2DFF008094E0 /* backgroundMusic.mp3 */,
				E644D9A21C0DCF0C008094E0 /* LaunchScreen.storyboard */,
				E644D9A51C0DCF0C008094E0 /* Info.plist */,
			);
			path = MineSweeper;
			sourceTree = "<group>";
		};
		E644D9AD1C0DCF0C008094E0 /* MineSweeperTests */ = {
			isa = PBXGroup;
			children = (
				E644D9AE1C0DCF0C008094E0 /* MineSweeperTests.swift */,
				E644D9B01C0DCF0C008094E0 /* Info.plist */,
			);
			path = MineSweeperTests;
			sourceTree = "<group>";
		};
		E644D9B81C0DCF0C008094E0 /* MineSweeperUITests */ = {
			isa = PBXGroup;
			children = (
				E644D9B91C0DCF0C008094E0 /* MineSweeperUITests.swift */,
				E644D9BB1C0DCF0C008094E0 /* Info.plist */,
			);
			path = MineSweeperUITests;
			sourceTree = "<group>";
		};
		E644D9D51C0DD82B008094E0 /* View Controllers */ = {
			isa = PBXGroup;
			children = (
				E644D99B1C0DCF0C008094E0 /* MSIntroViewController.swift */,
				E644D9C71C0DD0BE008094E0 /* MSGameViewController.swift */,
				E644D9C91C0DD174008094E0 /* MSSettingsViewController.swift */,
			);
			name = "View Controllers";
			sourceTree = "<group>";
		};
		E644D9D61C0DD839008094E0 /* Models */ = {
			isa = PBXGroup;
			children = (
				E644D9CB1C0DD71A008094E0 /* MSSettingModel.swift */,
				E644D9CD1C0DD727008094E0 /* MSGame.swift */,
				E644D9CF1C0DD743008094E0 /* MSGrid.swift */,
				E644D9D31C0DD78D008094E0 /* MSGridCell.swift */,
			);
			name = Models;
			sourceTree = "<group>";
		};
		E644D9D71C0DD842008094E0 /* Custom Views */ = {
			isa = PBXGroup;
			children = (
				E644D9D11C0DD766008094E0 /* MSMineCell.swift */,
			);
			name = "Custom Views";
			sourceTree = "<group>";
		};
		E644DA111C0E2A8F008094E0 /* Systems */ = {
			isa = PBXGroup;
			children = (
				E644DA121C0E2AAA008094E0 /* MSSoundSystem.swift */,
			);
			name = Systems;
			sourceTree = "<group>";
		};
/* End PBXGroup section */

/* Begin PBXNativeTarget section */
		E644D9951C0DCF0C008094E0 /* MineSweeper */ = {
			isa = PBXNativeTarget;
			buildConfigurationList = E644D9BE1C0DCF0C008094E0 /* Build configuration list for PBXNativeTarget "MineSweeper" */;
			buildPhases = (
				E644D9921C0DCF0C008094E0 /* Sources */,
				E644D9931C0DCF0C008094E0 /* Frameworks */,
				E644D9941C0DCF0C008094E0 /* Resources */,
			);
			buildRules = (
			);
			dependencies = (
			);
			name = MineSweeper;
			productName = MineSweeper;
			productReference = E644D9961C0DCF0C008094E0 /* MineSweeper.app */;
			productType = "com.apple.product-type.application";
		};
		E644D9A91C0DCF0C008094E0 /* MineSweeperTests */ = {
			isa = PBXNativeTarget;
			buildConfigurationList = E644D9C11C0DCF0C008094E0 /* Build configuration list for PBXNativeTarget "MineSweeperTests" */;
			buildPhases = (
				E644D9A61C0DCF0C008094E0 /* Sources */,
				E644D9A71C0DCF0C008094E0 /* Frameworks */,
				E644D9A81C0DCF0C008094E0 /* Resources */,
			);
			buildRules = (
			);
			dependencies = (
				E644D9AC1C0DCF0C008094E0 /* PBXTargetDependency */,
			);
			name = MineSweeperTests;
			productName = MineSweeperTests;
			productReference = E644D9AA1C0DCF0C008094E0 /* MineSweeperTests.xctest */;
			productType = "com.apple.product-type.bundle.unit-test";
		};
		E644D9B41C0DCF0C008094E0 /* MineSweeperUITests */ = {
			isa = PBXNativeTarget;
			buildConfigurationList = E644D9C41C0DCF0C008094E0 /* Build configuration list for PBXNativeTarget "MineSweeperUITests" */;
			buildPhases = (
				E644D9B11C0DCF0C008094E0 /* Sources */,
				E644D9B21C0DCF0C008094E0 /* Frameworks */,
				E644D9B31C0DCF0C008094E0 /* Resources */,
			);
			buildRules = (
			);
			dependencies = (
				E644D9B71C0DCF0C008094E0 /* PBXTargetDependency */,
			);
			name = MineSweeperUITests;
			productName = MineSweeperUITests;
			productReference = E644D9B51C0DCF0C008094E0 /* MineSweeperUITests.xctest */;
			productType = "com.apple.product-type.bundle.ui-testing";
		};
/* End PBXNativeTarget section */

/* Begin PBXProject section */
		E644D98E1C0DCF0C008094E0 /* Project object */ = {
			isa = PBXProject;
			attributes = {
				LastSwiftUpdateCheck = 0710;
				LastUpgradeCheck = 0710;
				ORGANIZATIONNAME = RBS;
				TargetAttributes = {
					E644D9951C0DCF0C008094E0 = {
						CreatedOnToolsVersion = 7.1;
					};
					E644D9A91C0DCF0C008094E0 = {
						CreatedOnToolsVersion = 7.1;
						TestTargetID = E644D9951C0DCF0C008094E0;
					};
					E644D9B41C0DCF0C008094E0 = {
						CreatedOnToolsVersion = 7.1;
						TestTargetID = E644D9951C0DCF0C008094E0;
					};
				};
			};
			buildConfigurationList = E644D9911C0DCF0C008094E0 /* Build configuration list for PBXProject "MineSweeper" */;
			compatibilityVersion = "Xcode 3.2";
			developmentRegion = English;
			hasScannedForEncodings = 0;
			knownRegions = (
				en,
				Base,
			);
			mainGroup = E644D98D1C0DCF0C008094E0;
			productRefGroup = E644D9971C0DCF0C008094E0 /* Products */;
			projectDirPath = "";
			projectRoot = "";
			targets = (
				E644D9951C0DCF0C008094E0 /* MineSweeper */,
				E644D9A91C0DCF0C008094E0 /* MineSweeperTests */,
				E644D9B41C0DCF0C008094E0 /* MineSweeperUITests */,
			);
		};
/* End PBXProject section */

/* Begin PBXResourcesBuildPhase section */
		E644D9941C0DCF0C008094E0 /* Resources */ = {
			isa = PBXResourcesBuildPhase;
			buildActionMask = 2147483647;
			files = (
				E644D9A41C0DCF0C008094E0 /* LaunchScreen.storyboard in Resources */,
				E644D9A11C0DCF0C008094E0 /* Assets.xcassets in Resources */,
				E644DA151C0E2DFF008094E0 /* backgroundMusic.mp3 in Resources */,
				E644D99F1C0DCF0C008094E0 /* Main.storyboard in Resources */,
			);
			runOnlyForDeploymentPostprocessing = 0;
		};
		E644D9A81C0DCF0C008094E0 /* Resources */ = {
			isa = PBXResourcesBuildPhase;
			buildActionMask = 2147483647;
			files = (
			);
			runOnlyForDeploymentPostprocessing = 0;
		};
		E644D9B31C0DCF0C008094E0 /* Resources */ = {
			isa = PBXResourcesBuildPhase;
			buildActionMask = 2147483647;
			files = (
			);
			runOnlyForDeploymentPostprocessing = 0;
		};
/* End PBXResourcesBuildPhase section */

/* Begin PBXSourcesBuildPhase section */
		E644D9921C0DCF0C008094E0 /* Sources */ = {
			isa = PBXSourcesBuildPhase;
			buildActionMask = 2147483647;
			files = (
				E644D9CC1C0DD71A008094E0 /* MSSettingModel.swift in Sources */,
				E644D9D01C0DD743008094E0 /* MSGrid.swift in Sources */,
				E644D9D41C0DD78D008094E0 /* MSGridCell.swift in Sources */,
				E644D9CE1C0DD727008094E0 /* MSGame.swift in Sources */,
				E644D99C1C0DCF0C008094E0 /* MSIntroViewController.swift in Sources */,
				E644D9D21C0DD766008094E0 /* MSMineCell.swift in Sources */,
				E644D9CA1C0DD174008094E0 /* MSSettingsViewController.swift in Sources */,
				E644D99A1C0DCF0C008094E0 /* AppDelegate.swift in Sources */,
				E644DA131C0E2AAA008094E0 /* MSSoundSystem.swift in Sources */,
				E644D9C81C0DD0BE008094E0 /* MSGameViewController.swift in Sources */,
			);
			runOnlyForDeploymentPostprocessing = 0;
		};
		E644D9A61C0DCF0C008094E0 /* Sources */ = {
			isa = PBXSourcesBuildPhase;
			buildActionMask = 2147483647;
			files = (
				E644D9AF1C0DCF0C008094E0 /* MineSweeperTests.swift in Sources */,
			);
			runOnlyForDeploymentPostprocessing = 0;
		};
		E644D9B11C0DCF0C008094E0 /* Sources */ = {
			isa = PBXSourcesBuildPhase;
			buildActionMask = 2147483647;
			files = (
				E644D9BA1C0DCF0C008094E0 /* MineSweeperUITests.swift in Sources */,
			);
			runOnlyForDeploymentPostprocessing = 0;
		};
/* End PBXSourcesBuildPhase section */

/* Begin PBXTargetDependency section */
		E644D9AC1C0DCF0C008094E0 /* PBXTargetDependency */ = {
			isa = PBXTargetDependency;
			target = E644D9951C0DCF0C008094E0 /* MineSweeper */;
			targetProxy = E644D9AB1C0DCF0C008094E0 /* PBXContainerItemProxy */;
		};
		E644D9B71C0DCF0C008094E0 /* PBXTargetDependency */ = {
			isa = PBXTargetDependency;
			target = E644D9951C0DCF0C008094E0 /* MineSweeper */;
			targetProxy = E644D9B61C0DCF0C008094E0 /* PBXContainerItemProxy */;
		};
/* End PBXTargetDependency section */

/* Begin PBXVariantGroup section */
		E644D99D1C0DCF0C008094E0 /* Main.storyboard */ = {
			isa = PBXVariantGroup;
			children = (
				E644D99E1C0DCF0C008094E0 /* Base */,
			);
			name = Main.storyboard;
			sourceTree = "<group>";
		};
		E644D9A21C0DCF0C008094E0 /* LaunchScreen.storyboard */ = {
			isa = PBXVariantGroup;
			children = (
				E644D9A31C0DCF0C008094E0 /* Base */,
			);
			name = LaunchScreen.storyboard;
			sourceTree = "<group>";
		};
/* End PBXVariantGroup section */

/* Begin XCBuildConfiguration section */
		E644D9BC1C0DCF0C008094E0 /* Debug */ = {
			isa = XCBuildConfiguration;
			buildSettings = {
				ALWAYS_SEARCH_USER_PATHS = NO;
				CLANG_CXX_LANGUAGE_STANDARD = "gnu++0x";
				CLANG_CXX_LIBRARY = "libc++";
				CLANG_ENABLE_MODULES = YES;
				CLANG_ENABLE_OBJC_ARC = YES;
				CLANG_WARN_BOOL_CONVERSION = YES;
				CLANG_WARN_CONSTANT_CONVERSION = YES;
				CLANG_WARN_DIRECT_OBJC_ISA_USAGE = YES_ERROR;
				CLANG_WARN_EMPTY_BODY = YES;
				CLANG_WARN_ENUM_CONVERSION = YES;
				CLANG_WARN_INT_CONVERSION = YES;
				CLANG_WARN_OBJC_ROOT_CLASS = YES_ERROR;
				CLANG_WARN_UNREACHABLE_CODE = YES;
				CLANG_WARN__DUPLICATE_METHOD_MATCH = YES;
				"CODE_SIGN_IDENTITY[sdk=iphoneos*]" = "iPhone Developer";
				COPY_PHASE_STRIP = NO;
				DEBUG_INFORMATION_FORMAT = dwarf;
				ENABLE_STRICT_OBJC_MSGSEND = YES;
				ENABLE_TESTABILITY = YES;
				GCC_C_LANGUAGE_STANDARD = gnu99;
				GCC_DYNAMIC_NO_PIC = NO;
				GCC_NO_COMMON_BLOCKS = YES;
				GCC_OPTIMIZATION_LEVEL = 0;
				GCC_PREPROCESSOR_DEFINITIONS = (
					"DEBUG=1",
					"$(inherited)",
				);
				GCC_WARN_64_TO_32_BIT_CONVERSION = YES;
				GCC_WARN_ABOUT_RETURN_TYPE = YES_ERROR;
				GCC_WARN_UNDECLARED_SELECTOR = YES;
				GCC_WARN_UNINITIALIZED_AUTOS = YES_AGGRESSIVE;
				GCC_WARN_UNUSED_FUNCTION = YES;
				GCC_WARN_UNUSED_VARIABLE = YES;
				IPHONEOS_DEPLOYMENT_TARGET = 9.1;
				MTL_ENABLE_DEBUG_INFO = YES;
				ONLY_ACTIVE_ARCH = YES;
				SDKROOT = iphoneos;
				SWIFT_OPTIMIZATION_LEVEL = "-Onone";
				TARGETED_DEVICE_FAMILY = "1,2";
			};
			name = Debug;
		};
		E644D9BD1C0DCF0C008094E0 /* Release */ = {
			isa = XCBuildConfiguration;
			buildSettings = {
				ALWAYS_SEARCH_USER_PATHS = NO;
				CLANG_CXX_LANGUAGE_STANDARD = "gnu++0x";
				CLANG_CXX_LIBRARY = "libc++";
				CLANG_ENABLE_MODULES = YES;
				CLANG_ENABLE_OBJC_ARC = YES;
				CLANG_WARN_BOOL_CONVERSION = YES;
				CLANG_WARN_CONSTANT_CONVERSION = YES;
				CLANG_WARN_DIRECT_OBJC_ISA_USAGE = YES_ERROR;
				CLANG_WARN_EMPTY_BODY = YES;
				CLANG_WARN_ENUM_CONVERSION = YES;
				CLANG_WARN_INT_CONVERSION = YES;
				CLANG_WARN_OBJC_ROOT_CLASS = YES_ERROR;
				CLANG_WARN_UNREACHABLE_CODE = YES;
				CLANG_WARN__DUPLICATE_METHOD_MATCH = YES;
				"CODE_SIGN_IDENTITY[sdk=iphoneos*]" = "iPhone Developer";
				COPY_PHASE_STRIP = NO;
				DEBUG_INFORMATION_FORMAT = "dwarf-with-dsym";
				ENABLE_NS_ASSERTIONS = NO;
				ENABLE_STRICT_OBJC_MSGSEND = YES;
				GCC_C_LANGUAGE_STANDARD = gnu99;
				GCC_NO_COMMON_BLOCKS = YES;
				GCC_WARN_64_TO_32_BIT_CONVERSION = YES;
				GCC_WARN_ABOUT_RETURN_TYPE = YES_ERROR;
				GCC_WARN_UNDECLARED_SELECTOR = YES;
				GCC_WARN_UNINITIALIZED_AUTOS = YES_AGGRESSIVE;
				GCC_WARN_UNUSED_FUNCTION = YES;
				GCC_WARN_UNUSED_VARIABLE = YES;
				IPHONEOS_DEPLOYMENT_TARGET = 9.1;
				MTL_ENABLE_DEBUG_INFO = NO;
				SDKROOT = iphoneos;
				TARGETED_DEVICE_FAMILY = "1,2";
				VALIDATE_PRODUCT = YES;
			};
			name = Release;
		};
		E644D9BF1C0DCF0C008094E0 /* Debug */ = {
			isa = XCBuildConfiguration;
			buildSettings = {
				ASSETCATALOG_COMPILER_APPICON_NAME = AppIcon;
				INFOPLIST_FILE = MineSweeper/Info.plist;
				LD_RUNPATH_SEARCH_PATHS = "$(inherited) @executable_path/Frameworks";
				PRODUCT_BUNDLE_IDENTIFIER = "Royal-Bank-Of-Schotland.MineSweeper";
				PRODUCT_NAME = "$(TARGET_NAME)";
			};
			name = Debug;
		};
		E644D9C01C0DCF0C008094E0 /* Release */ = {
			isa = XCBuildConfiguration;
			buildSettings = {
				ASSETCATALOG_COMPILER_APPICON_NAME = AppIcon;
				INFOPLIST_FILE = MineSweeper/Info.plist;
				LD_RUNPATH_SEARCH_PATHS = "$(inherited) @executable_path/Frameworks";
				PRODUCT_BUNDLE_IDENTIFIER = "Royal-Bank-Of-Schotland.MineSweeper";
				PRODUCT_NAME = "$(TARGET_NAME)";
			};
			name = Release;
		};
		E644D9C21C0DCF0C008094E0 /* Debug */ = {
			isa = XCBuildConfiguration;
			buildSettings = {
				BUNDLE_LOADER = "$(TEST_HOST)";
				INFOPLIST_FILE = MineSweeperTests/Info.plist;
				LD_RUNPATH_SEARCH_PATHS = "$(inherited) @executable_path/Frameworks @loader_path/Frameworks";
				PRODUCT_BUNDLE_IDENTIFIER = "Royal-Bank-Of-Schotland.MineSweeperTests";
				PRODUCT_NAME = "$(TARGET_NAME)";
				TEST_HOST = "$(BUILT_PRODUCTS_DIR)/MineSweeper.app/MineSweeper";
			};
			name = Debug;
		};
		E644D9C31C0DCF0C008094E0 /* Release */ = {
			isa = XCBuildConfiguration;
			buildSettings = {
				BUNDLE_LOADER = "$(TEST_HOST)";
				INFOPLIST_FILE = MineSweeperTests/Info.plist;
				LD_RUNPATH_SEARCH_PATHS = "$(inherited) @executable_path/Frameworks @loader_path/Frameworks";
				PRODUCT_BUNDLE_IDENTIFIER = "Royal-Bank-Of-Schotland.MineSweeperTests";
				PRODUCT_NAME = "$(TARGET_NAME)";
				TEST_HOST = "$(BUILT_PRODUCTS_DIR)/MineSweeper.app/MineSweeper";
			};
			name = Release;
		};
		E644D9C51C0DCF0C008094E0 /* Debug */ = {
			isa = XCBuildConfiguration;
			buildSettings = {
				INFOPLIST_FILE = MineSweeperUITests/Info.plist;
				LD_RUNPATH_SEARCH_PATHS = "$(inherited) @executable_path/Frameworks @loader_path/Frameworks";
				PRODUCT_BUNDLE_IDENTIFIER = "Royal-Bank-Of-Schotland.MineSweeperUITests";
				PRODUCT_NAME = "$(TARGET_NAME)";
				TEST_TARGET_NAME = MineSweeper;
				USES_XCTRUNNER = YES;
			};
			name = Debug;
		};
		E644D9C61C0DCF0C008094E0 /* Release */ = {
			isa = XCBuildConfiguration;
			buildSettings = {
				INFOPLIST_FILE = MineSweeperUITests/Info.plist;
				LD_RUNPATH_SEARCH_PATHS = "$(inherited) @executable_path/Frameworks @loader_path/Frameworks";
				PRODUCT_BUNDLE_IDENTIFIER = "Royal-Bank-Of-Schotland.MineSweeperUITests";
				PRODUCT_NAME = "$(TARGET_NAME)";
				TEST_TARGET_NAME = MineSweeper;
				USES_XCTRUNNER = YES;
			};
			name = Release;
		};
/* End XCBuildConfiguration section */

/* Begin XCConfigurationList section */
		E644D9911C0DCF0C008094E0 /* Build configuration list for PBXProject "MineSweeper" */ = {
			isa = XCConfigurationList;
			buildConfigurations = (
				E644D9BC1C0DCF0C008094E0 /* Debug */,
				E644D9BD1C0DCF0C008094E0 /* Release */,
			);
			defaultConfigurationIsVisible = 0;
			defaultConfigurationName = Release;
		};
		E644D9BE1C0DCF0C008094E0 /* Build configuration list for PBXNativeTarget "MineSweeper" */ = {
			isa = XCConfigurationList;
			buildConfigurations = (
				E644D9BF1C0DCF0C008094E0 /* Debug */,
				E644D9C01C0DCF0C008094E0 /* Release */,
			);
			defaultConfigurationIsVisible = 0;
			defaultConfigurationName = Release;
		};
		E644D9C11C0DCF0C008094E0 /* Build configuration list for PBXNativeTarget "MineSweeperTests" */ = {
			isa = XCConfigurationList;
			buildConfigurations = (
				E644D9C21C0DCF0C008094E0 /* Debug */,
				E644D9C31C0DCF0C008094E0 /* Release */,
			);
			defaultConfigurationIsVisible = 0;
			defaultConfigurationName = Release;
		};
		E644D9C41C0DCF0C008094E0 /* Build configuration list for PBXNativeTarget "MineSweeperUITests" */ = {
			isa = XCConfigurationList;
			buildConfigurations = (
				E644D9C51C0DCF0C008094E0 /* Debug */,
				E644D9C61C0DCF0C008094E0 /* Release */,
			);
			defaultConfigurationIsVisible = 0;
			defaultConfigurationName = Release;
		};
/* End XCConfigurationList section */
	};
	rootObject = E644D98E1C0DCF0C008094E0 /* Project object */;
}
